
Microsoft Visual Studio Solution File, Format Version 12.00
# Visual Studio Version 17
VisualStudioVersion = 17.3.32901.215
MinimumVisualStudioVersion = 10.0.40219.1
Project("{FAE04EC0-301F-11D3-BF4B-00C04F79EFBC}") = "ConsoleApp1", "ConsoleApp1\ConsoleApp1.csproj", "{CBFB6C7B-7B05-4F40-A062-51F4BDA4C861}"
EndProject
Global
	GlobalSection(SolutionConfigurationPlatforms) = preSolution
		Debug|Any CPU = Debug|Any CPU
		Release|Any CPU = Release|Any CPU
	EndGlobalSection
	GlobalSection(ProjectConfigurationPlatforms) = postSolution
		{CBFB6C7B-7B05-4F40-A062-51F4BDA4C861}.Debug|Any CPU.ActiveCfg = Debug|Any CPU
		{CBFB6C7B-7B05-4F40-A062-51F4BDA4C861}.Debug|Any CPU.Build.0 = Debug|Any CPU
		{CBFB6C7B-7B05-4F40-A062-51F4BDA4C861}.Release|Any CPU.ActiveCfg = Release|Any CPU
		{CBFB6C7B-7B05-4F40-A062-51F4BDA4C861}.Release|Any CPU.Build.0 = Release|Any CPU
	EndGlobalSection
	GlobalSection(SolutionProperties) = preSolution
		HideSolutionNode = FALSE
	EndGlobalSection
	GlobalSection(ExtensibilityGlobals) = postSolution
		SolutionGuid = {BAED7CAB-4B9A-4AC4-866C-1A2ED5D9A629}
	EndGlobalSection
EndGlobal
